# THIS IS AN AUTOGENERATED FILE. DO NOT EDIT THIS FILE DIRECTLY.
# yarn lockfile v1


js-confetti@^0.11.0:
  version "0.11.0"
  resolved "https://registry.yarnpkg.com/js-confetti/-/js-confetti-0.11.0.tgz#5eb56dc23cba54be98b71afdc69a28bec61880a2"
  integrity sha512-Hc7I3VI4r4H0nq5q/oQK+JJwGoYRYVHK72fGk8E9Ay1dbh+aiZ9yl0yFp1K4oYeq7YFDQAndYChwqLPA3QWQuA==
